{
  "version": "5",
  "specifiers": {
    "jsr:@panva/jose@6": "6.2.2"
  },
  "jsr": {
    "@panva/jose@6.2.2": {
      "integrity": "bfe1178a9d2f53effa5ee6c1786b6534a39690b03969472b3ad690600d8898ec"
    }
  },
  "redirects": {
    "https://esm.sh/@supabase/supabase-js@2": "https://esm.sh/@supabase/supabase-js@2.104.1"
  },
  "remote": {
    "https://esm.sh/@supabase/supabase-js@2.104.1": "bad73bfa9aac8a6d896e7a1d4449c7c2ece9a01bccca9e9569f1ed0fc76b5222"
  },
  "workspace": {
    "packageJson": {
      "dependencies": [
        "npm:@eslint/js@^9.39.4",
        "npm:@rolldown/pluginutils@^1.0.0-rc.17",
        "npm:@supabase/supabase-js@^2.104.1",
        "npm:@types/node@^25.5.2",
        "npm:@vitest/coverage-v8@^4.1.5",
        "npm:eslint-config-prettier@^10.1.8",
        "npm:eslint-plugin-import@^2.32.0",
        "npm:eslint@^9.39.4",
        "npm:globals@^17.5.0",
        "npm:husky@^9.1.7",
        "npm:lint-staged@^16.4.0",
        "npm:prettier@^3.8.3",
        "npm:typescript-eslint@^8.59.0",
        "npm:typescript@^6.0.2",
        "npm:vite@^8.0.10",
        "npm:vitest@^4.1.2"
      ]
    }
  }
}
